// !$*UTF8*$!
{
	archiveVersion = 1;
	classes = {
	};
	objectVersion = 50;
	objects = {

/* Begin PBXBuildFile section */
		AF304D25267B469700AEB39D /* AppDelegate.swift in Sources */ = {isa = PBXBuildFile; fileRef = AF304D24267B469700AEB39D /* AppDelegate.swift */; };
		AF304D27267B469700AEB39D /* SceneDelegate.swift in Sources */ = {isa = PBXBuildFile; fileRef = AF304D26267B469700AEB39D /* SceneDelegate.swift */; };
		AF304D29267B469700AEB39D /* ContentView.swift in Sources */ = {isa = PBXBuildFile; fileRef = AF304D28267B469700AEB39D /* ContentView.swift */; };
		AF304D2B267B469A00AEB39D /* Assets.xcassets in Resources */ = {isa = PBXBuildFile; fileRef = AF304D2A267B469A00AEB39D /* Assets.xcassets */; };
		AF304D2E267B469A00AEB39D /* Preview Assets.xcassets in Resources */ = {isa = PBXBuildFile; fileRef = AF304D2D267B469A00AEB39D /* Preview Assets.xcassets */; };
		AF304D31267B469A00AEB39D /* LaunchScreen.storyboard in Resources */ = {isa = PBXBuildFile; fileRef = AF304D2F267B469A00AEB39D /* LaunchScreen.storyboard */; };
		AF304D3D267B958A00AEB39D /* MultiplicationView.swift in Sources */ = {isa = PBXBuildFile; fileRef = AF304D3C267B958A00AEB39D /* MultiplicationView.swift */; };
/* End PBXBuildFile section */

/* Begin PBXFileReference section */
		AF304D21267B469700AEB39D /* MilestoneProject 4-6.app */ = {isa = PBXFileReference; explicitFileType = wrapper.application; includeInIndex = 0; path = "MilestoneProject 4-6.app"; sourceTree = BUILT_PRODUCTS_DIR; };
		AF304D24267B469700AEB39D /* AppDelegate.swift */ = {isa = PBXFileReference; lastKnownFileType = sourcecode.swift; path = AppDelegate.swift; sourceTree = "<group>"; };
		AF304D26267B469700AEB39D /* SceneDelegate.swift */ = {isa = PBXFileReference; lastKnownFileType = sourcecode.swift; path = SceneDelegate.swift; sourceTree = "<group>"; };
		AF304D28267B469700AEB39D /* ContentView.swift */ = {isa = PBXFileReference; lastKnownFileType = sourcecode.swift; path = ContentView.swift; sourceTree = "<group>"; };
		AF304D2A267B469A00AEB39D /* Assets.xcassets */ = {isa = PBXFileReference; lastKnownFileType = folder.assetcatalog; path = Assets.xcassets; sourceTree = "<group>"; };
		AF304D2D267B469A00AEB39D /* Preview Assets.xcassets */ = {isa = PBXFileReference; lastKnownFileType = folder.assetcatalog; path = "Preview Assets.xcassets"; sourceTree = "<group>"; };
		AF304D30267B469A00AEB39D /* Base */ = {isa = PBXFileReference; lastKnownFileType = file.storyboard; name = Base; path = Base.lproj/LaunchScreen.storyboard; sourceTree = "<group>"; };
		AF304D32267B469A00AEB39D /* Info.plist */ = {isa = PBXFileReference; lastKnownFileType = text.plist.xml; path = Info.plist; sourceTree = "<group>"; };
		AF304D3C267B958A00AEB39D /* MultiplicationView.swift */ = {isa = PBXFileReference; lastKnownFileType = sourcecode.swift; path = MultiplicationView.swift; sourceTree = "<group>"; };
/* End PBXFileReference section */

/* Begin PBXFrameworksBuildPhase section */
		AF304D1E267B469700AEB39D /* Frameworks */ = {
			isa = PBXFrameworksBuildPhase;
			buildActionMask = 2147483647;
			files = (
			);
			runOnlyForDeploymentPostprocessing = 0;
		};
/* End PBXFrameworksBuildPhase section */

/* Begin PBXGroup section */
		AF304D18267B469600AEB39D = {
			isa = PBXGroup;
			children = (
				AF304D23267B469700AEB39D /* MilestoneProject 4-6 */,
				AF304D22267B469700AEB39D /* Products */,
			);
			sourceTree = "<group>";
		};
		AF304D22267B469700AEB39D /* Products */ = {
			isa = PBXGroup;
			children = (
				AF304D21267B469700AEB39D /* MilestoneProject 4-6.app */,
			);
			name = Products;
			sourceTree = "<group>";
		};
		AF304D23267B469700AEB39D /* MilestoneProject 4-6 */ = {
			isa = PBXGroup;
			children = (
				AF304D24267B469700AEB39D /* AppDelegate.swift */,
				AF304D26267B469700AEB39D /* SceneDelegate.swift */,
				AF304D28267B469700AEB39D /* ContentView.swift */,
				AF304D3C267B958A00AEB39D /* MultiplicationView.swift */,
				AF304D2A267B469A00AEB39D /* Assets.xcassets */,
				AF304D2F267B469A00AEB39D /* LaunchScreen.storyboard */,
				AF304D32267B469A00AEB39D /* Info.plist */,
				AF304D2C267B469A00AEB39D /* Preview Content */,
			);
			path = "MilestoneProject 4-6";
			sourceTree = "<group>";
		};
		AF304D2C267B469A00AEB39D /* Preview Content */ = {
			isa = PBXGroup;
			children = (
				AF304D2D267B469A00AEB39D /* Preview Assets.xcassets */,
			);
			path = "Preview Content";
			sourceTree = "<group>";
		};
/* End PBXGroup section */

/* Begin PBXNativeTarget section */
		AF304D20267B469700AEB39D /* MilestoneProject 4-6 */ = {
			isa = PBXNativeTarget;
			buildConfigurationList = AF304D35267B469A00AEB39D /* Build configuration list for PBXNativeTarget "MilestoneProject 4-6" */;
			buildPhases = (
				AF304D1D267B469700AEB39D /* Sources */,
				AF304D1E267B469700AEB39D /* Frameworks */,
				AF304D1F267B469700AEB39D /* Resources */,
			);
			buildRules = (
			);
			dependencies = (
			);
			name = "MilestoneProject 4-6";
			productName = "MilestoneProject 4-6";
			productReference = AF304D21267B469700AEB39D /* MilestoneProject 4-6.app */;
			productType = "com.apple.product-type.application";
		};
/* End PBXNativeTarget section */

/* Begin PBXProject section */
		AF304D19267B469600AEB39D /* Project object */ = {
			isa = PBXProject;
			attributes = {
				LastSwiftUpdateCheck = 1250;
				LastUpgradeCheck = 1250;
				TargetAttributes = {
					AF304D20267B469700AEB39D = {
						CreatedOnToolsVersion = 12.5;
					};
				};
			};
			buildConfigurationList = AF304D1C267B469600AEB39D /* Build configuration list for PBXProject "MilestoneProject 4-6" */;
			compatibilityVersion = "Xcode 9.3";
			developmentRegion = en;
			hasScannedForEncodings = 0;
			knownRegions = (
				en,
				Base,
			);
			mainGroup = AF304D18267B469600AEB39D;
			productRefGroup = AF304D22267B469700AEB39D /* Products */;
			projectDirPath = "";
			projectRoot = "";
			targets = (
				AF304D20267B469700AEB39D /* MilestoneProject 4-6 */,
			);
		};
/* End PBXProject section */

/* Begin PBXResourcesBuildPhase section */
		AF304D1F267B469700AEB39D /* Resources */ = {
			isa = PBXResourcesBuildPhase;
			buildActionMask = 2147483647;
			files = (
				AF304D31267B469A00AEB39D /* LaunchScreen.storyboard in Resources */,
				AF304D2E267B469A00AEB39D /* Preview Assets.xcassets in Resources */,
				AF304D2B267B469A00AEB39D /* Assets.xcassets in Resources */,
			);
			runOnlyForDeploymentPostprocessing = 0;
		};
/* End PBXResourcesBuildPhase section */

/* Begin PBXSourcesBuildPhase section */
		AF304D1D267B469700AEB39D /* Sources */ = {
			isa = PBXSourcesBuildPhase;
			buildActionMask = 2147483647;
			files = (
				AF304D3D267B958A00AEB39D /* MultiplicationView.swift in Sources */,
				AF304D25267B469700AEB39D /* AppDelegate.swift in Sources */,
				AF304D27267B469700AEB39D /* SceneDelegate.swift in Sources */,
				AF304D29267B469700AEB39D /* ContentView.swift in Sources */,
			);
			runOnlyForDeploymentPostprocessing = 0;
		};
/* End PBXSourcesBuildPhase section */

/* Begin PBXVariantGroup section */
		AF304D2F267B469A00AEB39D /* LaunchScreen.storyboard */ = {
			isa = PBXVariantGroup;
			children = (
				AF304D30267B469A00AEB39D /* Base */,
			);
			name = LaunchScreen.storyboard;
			sourceTree = "<group>";
		};
/* End PBXVariantGroup section */

/* Begin XCBuildConfiguration section */
		AF304D33267B469A00AEB39D /* Debug */ = {
			isa = XCBuildConfiguration;
			buildSettings = {
				ALWAYS_SEARCH_USER_PATHS = NO;
				CLANG_ANALYZER_NONNULL = YES;
				CLANG_ANALYZER_NUMBER_OBJECT_CONVERSION = YES_AGGRESSIVE;
				CLANG_CXX_LANGUAGE_STANDARD = "gnu++14";
				CLANG_CXX_LIBRARY = "libc++";
				CLANG_ENABLE_MODULES = YES;
				CLANG_ENABLE_OBJC_ARC = YES;
				CLANG_ENABLE_OBJC_WEAK = YES;
				CLANG_WARN_BLOCK_CAPTURE_AUTORELEASING = YES;
				CLANG_WARN_BOOL_CONVERSION = YES;
				CLANG_WARN_COMMA = YES;
				CLANG_WARN_CONSTANT_CONVERSION = YES;
				CLANG_WARN_DEPRECATED_OBJC_IMPLEMENTATIONS = YES;
				CLANG_WARN_DIRECT_OBJC_ISA_USAGE = YES_ERROR;
				CLANG_WARN_DOCUMENTATION_COMMENTS = YES;
				CLANG_WARN_EMPTY_BODY = YES;
				CLANG_WARN_ENUM_CONVERSION = YES;
				CLANG_WARN_INFINITE_RECURSION = YES;
				CLANG_WARN_INT_CONVERSION = YES;
				CLANG_WARN_NON_LITERAL_NULL_CONVERSION = YES;
				CLANG_WARN_OBJC_IMPLICIT_RETAIN_SELF = YES;
				CLANG_WARN_OBJC_LITERAL_CONVERSION = YES;
				CLANG_WARN_OBJC_ROOT_CLASS = YES_ERROR;
				CLANG_WARN_QUOTED_INCLUDE_IN_FRAMEWORK_HEADER = YES;
				CLANG_WARN_RANGE_LOOP_ANALYSIS = YES;
				CLANG_WARN_STRICT_PROTOTYPES = YES;
				CLANG_WARN_SUSPICIOUS_MOVE = YES;
				CLANG_WARN_UNGUARDED_AVAILABILITY = YES_AGGRESSIVE;
				CLANG_WARN_UNREACHABLE_CODE = YES;
				CLANG_WARN__DUPLICATE_METHOD_MATCH = YES;
				COPY_PHASE_STRIP = NO;
				DEBUG_INFORMATION_FORMAT = dwarf;
				ENABLE_STRICT_OBJC_MSGSEND = YES;
				ENABLE_TESTABILITY = YES;
				GCC_C_LANGUAGE_STANDARD = gnu11;
				GCC_DYNAMIC_NO_PIC = NO;
				GCC_NO_COMMON_BLOCKS = YES;
				GCC_OPTIMIZATION_LEVEL = 0;
				GCC_PREPROCESSOR_DEFINITIONS = (
					"DEBUG=1",
					"$(inherited)",
				);
				GCC_WARN_64_TO_32_BIT_CONVERSION = YES;
				GCC_WARN_ABOUT_RETURN_TYPE = YES_ERROR;
				GCC_WARN_UNDECLARED_SELECTOR = YES;
				GCC_WARN_UNINITIALIZED_AUTOS = YES_AGGRESSIVE;
				GCC_WARN_UNUSED_FUNCTION = YES;
				GCC_WARN_UNUSED_VARIABLE = YES;
				IPHONEOS_DEPLOYMENT_TARGET = 14.5;
				MTL_ENABLE_DEBUG_INFO = INCLUDE_SOURCE;
				MTL_FAST_MATH = YES;
				ONLY_ACTIVE_ARCH = YES;
				SDKROOT = iphoneos;
				SWIFT_ACTIVE_COMPILATION_CONDITIONS = DEBUG;
				SWIFT_OPTIMIZATION_LEVEL = "-Onone";
			};
			name = Debug;
		};
		AF304D34267B469A00AEB39D /* Release */ = {
			isa = XCBuildConfiguration;
			buildSettings = {
				ALWAYS_SEARCH_USER_PATHS = NO;
				CLANG_ANALYZER_NONNULL = YES;
				CLANG_ANALYZER_NUMBER_OBJECT_CONVERSION = YES_AGGRESSIVE;
				CLANG_CXX_LANGUAGE_STANDARD = "gnu++14";
				CLANG_CXX_LIBRARY = "libc++";
				CLANG_ENABLE_MODULES = YES;
				CLANG_ENABLE_OBJC_ARC = YES;
				CLANG_ENABLE_OBJC_WEAK = YES;
				CLANG_WARN_BLOCK_CAPTURE_AUTORELEASING = YES;
				CLANG_WARN_BOOL_CONVERSION = YES;
				CLANG_WARN_COMMA = YES;
				CLANG_WARN_CONSTANT_CONVERSION = YES;
				CLANG_WARN_DEPRECATED_OBJC_IMPLEMENTATIONS = YES;
				CLANG_WARN_DIRECT_OBJC_ISA_USAGE = YES_ERROR;
				CLANG_WARN_DOCUMENTATION_COMMENTS = YES;
				CLANG_WARN_EMPTY_BODY = YES;
				CLANG_WARN_ENUM_CONVERSION = YES;
				CLANG_WARN_INFINITE_RECURSION = YES;
				CLANG_WARN_INT_CONVERSION = YES;
				CLANG_WARN_NON_LITERAL_NULL_CONVERSION = YES;
				CLANG_WARN_OBJC_IMPLICIT_RETAIN_SELF = YES;
				CLANG_WARN_OBJC_LITERAL_CONVERSION = YES;
				CLANG_WARN_OBJC_ROOT_CLASS = YES_ERROR;
				CLANG_WARN_QUOTED_INCLUDE_IN_FRAMEWORK_HEADER = YES;
				CLANG_WARN_RANGE_LOOP_ANALYSIS = YES;
				CLANG_WARN_STRICT_PROTOTYPES = YES;
				CLANG_WARN_SUSPICIOUS_MOVE = YES;
				CLANG_WARN_UNGUARDED_AVAILABILITY = YES_AGGRESSIVE;
				CLANG_WARN_UNREACHABLE_CODE = YES;
				CLANG_WARN__DUPLICATE_METHOD_MATCH = YES;
				COPY_PHASE_STRIP = NO;
				DEBUG_INFORMATION_FORMAT = "dwarf-with-dsym";
				ENABLE_NS_ASSERTIONS = NO;
				ENABLE_STRICT_OBJC_MSGSEND = YES;
				GCC_C_LANGUAGE_STANDARD = gnu11;
				GCC_NO_COMMON_BLOCKS = YES;
				GCC_WARN_64_TO_32_BIT_CONVERSION = YES;
				GCC_WARN_ABOUT_RETURN_TYPE = YES_ERROR;
				GCC_WARN_UNDECLARED_SELECTOR = YES;
				GCC_WARN_UNINITIALIZED_AUTOS = YES_AGGRESSIVE;
				GCC_WARN_UNUSED_FUNCTION = YES;
				GCC_WARN_UNUSED_VARIABLE = YES;
				IPHONEOS_DEPLOYMENT_TARGET = 14.5;
				MTL_ENABLE_DEBUG_INFO = NO;
				MTL_FAST_MATH = YES;
				SDKROOT = iphoneos;
				SWIFT_COMPILATION_MODE = wholemodule;
				SWIFT_OPTIMIZATION_LEVEL = "-O";
				VALIDATE_PRODUCT = YES;
			};
			name = Release;
		};
		AF304D36267B469A00AEB39D /* Debug */ = {
			isa = XCBuildConfiguration;
			buildSettings = {
				ASSETCATALOG_COMPILER_APPICON_NAME = AppIcon;
				ASSETCATALOG_COMPILER_GLOBAL_ACCENT_COLOR_NAME = AccentColor;
				CODE_SIGN_STYLE = Automatic;
				DEVELOPMENT_ASSET_PATHS = "\"MilestoneProject 4-6/Preview Content\"";
				DEVELOPMENT_TEAM = WBND8H9MX8;
				ENABLE_PREVIEWS = YES;
				INFOPLIST_FILE = "MilestoneProject 4-6/Info.plist";
				LD_RUNPATH_SEARCH_PATHS = (
					"$(inherited)",
					"@executable_path/Frameworks",
				);
				PRODUCT_BUNDLE_IDENTIFIER = "com.ansa.MilestoneProject-4-6";
				PRODUCT_NAME = "$(TARGET_NAME)";
				SWIFT_VERSION = 5.0;
				TARGETED_DEVICE_FAMILY = "1,2";
			};
			name = Debug;
		};
		AF304D37267B469A00AEB39D /* Release */ = {
			isa = XCBuildConfiguration;
			buildSettings = {
				ASSETCATALOG_COMPILER_APPICON_NAME = AppIcon;
				ASSETCATALOG_COMPILER_GLOBAL_ACCENT_COLOR_NAME = AccentColor;
				CODE_SIGN_STYLE = Automatic;
				DEVELOPMENT_ASSET_PATHS = "\"MilestoneProject 4-6/Preview Content\"";
				DEVELOPMENT_TEAM = WBND8H9MX8;
				ENABLE_PREVIEWS = YES;
				INFOPLIST_FILE = "MilestoneProject 4-6/Info.plist";
				LD_RUNPATH_SEARCH_PATHS = (
					"$(inherited)",
					"@executable_path/Frameworks",
				);
				PRODUCT_BUNDLE_IDENTIFIER = "com.ansa.MilestoneProject-4-6";
				PRODUCT_NAME = "$(TARGET_NAME)";
				SWIFT_VERSION = 5.0;
				TARGETED_DEVICE_FAMILY = "1,2";
			};
			name = Release;
		};
/* End XCBuildConfiguration section */

/* Begin XCConfigurationList section */
		AF304D1C267B469600AEB39D /* Build configuration list for PBXProject "MilestoneProject 4-6" */ = {
			isa = XCConfigurationList;
			buildConfigurations = (
				AF304D33267B469A00AEB39D /* Debug */,
				AF304D34267B469A00AEB39D /* Release */,
			);
			defaultConfigurationIsVisible = 0;
			defaultConfigurationName = Release;
		};
		AF304D35267B469A00AEB39D /* Build configuration list for PBXNativeTarget "MilestoneProject 4-6" */ = {
			isa = XCConfigurationList;
			buildConfigurations = (
				AF304D36267B469A00AEB39D /* Debug */,
				AF304D37267B469A00AEB39D /* Release */,
			);
			defaultConfigurationIsVisible = 0;
			defaultConfigurationName = Release;
		};
/* End XCConfigurationList section */
	};
	rootObject = AF304D19267B469600AEB39D /* Project object */;
}
